
Microsoft Visual Studio Solution File, Format Version 12.00
# Visual Studio Version 17
VisualStudioVersion = 17.5.002.0
MinimumVisualStudioVersion = 10.0.40219.1
Project("{9A19103F-16F7-4668-BE54-9A1E7A4F7556}") = "Quqaz.Web", "Quqaz.Web.csproj", "{8CFE8501-4307-45C4-9808-662F8CD790AD}"
EndProject
Global
	GlobalSection(SolutionConfigurationPlatforms) = preSolution
		Debug|Any CPU = Debug|Any CPU
		Release|Any CPU = Release|Any CPU
	EndGlobalSection
	GlobalSection(ProjectConfigurationPlatforms) = postSolution
		{8CFE8501-4307-45C4-9808-662F8CD790AD}.Debug|Any CPU.ActiveCfg = Debug|Any CPU
		{8CFE8501-4307-45C4-9808-662F8CD790AD}.Debug|Any CPU.Build.0 = Debug|Any CPU
		{8CFE8501-4307-45C4-9808-662F8CD790AD}.Release|Any CPU.ActiveCfg = Release|Any CPU
		{8CFE8501-4307-45C4-9808-662F8CD790AD}.Release|Any CPU.Build.0 = Release|Any CPU
	EndGlobalSection
	GlobalSection(SolutionProperties) = preSolution
		HideSolutionNode = FALSE
	EndGlobalSection
	GlobalSection(ExtensibilityGlobals) = postSolution
		SolutionGuid = {B293A202-2115-4B2D-9D1B-0D5314F33AEF}
	EndGlobalSection
EndGlobal
